
Microsoft Visual Studio Solution File, Format Version 12.00
# Visual Studio Version 16
VisualStudioVersion = 16.0.29215.179
MinimumVisualStudioVersion = 10.0.40219.1
Project("{FAE04EC0-301F-11D3-BF4B-00C04F79EFBC}") = "project11", "project11\project11.csproj", "{74F2083B-5908-4EBF-8F7D-01A4F47FE3FD}"
EndProject
Global
	GlobalSection(SolutionConfigurationPlatforms) = preSolution
		Debug|Any CPU = Debug|Any CPU
		Release|Any CPU = Release|Any CPU
	EndGlobalSection
	GlobalSection(ProjectConfigurationPlatforms) = postSolution
		{74F2083B-5908-4EBF-8F7D-01A4F47FE3FD}.Debug|Any CPU.ActiveCfg = Debug|Any CPU
		{74F2083B-5908-4EBF-8F7D-01A4F47FE3FD}.Debug|Any CPU.Build.0 = Debug|Any CPU
		{74F2083B-5908-4EBF-8F7D-01A4F47FE3FD}.Release|Any CPU.ActiveCfg = Release|Any CPU
		{74F2083B-5908-4EBF-8F7D-01A4F47FE3FD}.Release|Any CPU.Build.0 = Release|Any CPU
	EndGlobalSection
	GlobalSection(SolutionProperties) = preSolution
		HideSolutionNode = FALSE
	EndGlobalSection
	GlobalSection(ExtensibilityGlobals) = postSolution
		SolutionGuid = {1B0F3C21-1397-4EBD-BF2F-95F75F172DE9}
	EndGlobalSection
EndGlobal
