
Microsoft Visual Studio Solution File, Format Version 12.00
# Visual Studio Version 16
VisualStudioVersion = 16.0.29215.179
MinimumVisualStudioVersion = 10.0.40219.1
Project("{FAE04EC0-301F-11D3-BF4B-00C04F79EFBC}") = "project10", "project10\project10.csproj", "{4742EDB9-7EBD-4E25-AEA1-789CB8A0D5C2}"
EndProject
Global
	GlobalSection(SolutionConfigurationPlatforms) = preSolution
		Debug|Any CPU = Debug|Any CPU
		Release|Any CPU = Release|Any CPU
	EndGlobalSection
	GlobalSection(ProjectConfigurationPlatforms) = postSolution
		{4742EDB9-7EBD-4E25-AEA1-789CB8A0D5C2}.Debug|Any CPU.ActiveCfg = Debug|Any CPU
		{4742EDB9-7EBD-4E25-AEA1-789CB8A0D5C2}.Debug|Any CPU.Build.0 = Debug|Any CPU
		{4742EDB9-7EBD-4E25-AEA1-789CB8A0D5C2}.Release|Any CPU.ActiveCfg = Release|Any CPU
		{4742EDB9-7EBD-4E25-AEA1-789CB8A0D5C2}.Release|Any CPU.Build.0 = Release|Any CPU
	EndGlobalSection
	GlobalSection(SolutionProperties) = preSolution
		HideSolutionNode = FALSE
	EndGlobalSection
	GlobalSection(ExtensibilityGlobals) = postSolution
		SolutionGuid = {51A1B183-66BF-4CA8-B22B-5E6DAA85BDA0}
	EndGlobalSection
EndGlobal
