
Microsoft Visual Studio Solution File, Format Version 12.00
# Visual Studio Version 16
VisualStudioVersion = 16.0.29215.179
MinimumVisualStudioVersion = 10.0.40219.1
Project("{FAE04EC0-301F-11D3-BF4B-00C04F79EFBC}") = "project6", "project6\project6.csproj", "{F98EA2D4-F3B1-48CB-A947-DA4553595F85}"
EndProject
Global
	GlobalSection(SolutionConfigurationPlatforms) = preSolution
		Debug|Any CPU = Debug|Any CPU
		Release|Any CPU = Release|Any CPU
	EndGlobalSection
	GlobalSection(ProjectConfigurationPlatforms) = postSolution
		{F98EA2D4-F3B1-48CB-A947-DA4553595F85}.Debug|Any CPU.ActiveCfg = Debug|Any CPU
		{F98EA2D4-F3B1-48CB-A947-DA4553595F85}.Debug|Any CPU.Build.0 = Debug|Any CPU
		{F98EA2D4-F3B1-48CB-A947-DA4553595F85}.Release|Any CPU.ActiveCfg = Release|Any CPU
		{F98EA2D4-F3B1-48CB-A947-DA4553595F85}.Release|Any CPU.Build.0 = Release|Any CPU
	EndGlobalSection
	GlobalSection(SolutionProperties) = preSolution
		HideSolutionNode = FALSE
	EndGlobalSection
	GlobalSection(ExtensibilityGlobals) = postSolution
		SolutionGuid = {B506975C-D36C-4D3C-A34C-BF34EC0FB97B}
	EndGlobalSection
EndGlobal
